
Microsoft Visual Studio Solution File, Format Version 12.00
# Visual Studio Version 17
VisualStudioVersion = 17.11.35327.3
MinimumVisualStudioVersion = 10.0.40219.1
Project("{FAE04EC0-301F-11D3-BF4B-00C04F79EFBC}") = "spacewar2", "spacewar2.csproj", "{2F17F516-2CB0-429B-9D64-BEF73294DF25}"
EndProject
Global
	GlobalSection(SolutionConfigurationPlatforms) = preSolution
		Debug|Any CPU = Debug|Any CPU
		Release|Any CPU = Release|Any CPU
	EndGlobalSection
	GlobalSection(ProjectConfigurationPlatforms) = postSolution
		{2F17F516-2CB0-429B-9D64-BEF73294DF25}.Debug|Any CPU.ActiveCfg = Debug|Any CPU
		{2F17F516-2CB0-429B-9D64-BEF73294DF25}.Debug|Any CPU.Build.0 = Debug|Any CPU
		{2F17F516-2CB0-429B-9D64-BEF73294DF25}.Release|Any CPU.ActiveCfg = Release|Any CPU
		{2F17F516-2CB0-429B-9D64-BEF73294DF25}.Release|Any CPU.Build.0 = Release|Any CPU
	EndGlobalSection
	GlobalSection(SolutionProperties) = preSolution
		HideSolutionNode = FALSE
	EndGlobalSection
	GlobalSection(ExtensibilityGlobals) = postSolution
		SolutionGuid = {BB8702F3-895A-4ABF-ADA8-36B9FC685A7D}
	EndGlobalSection
EndGlobal
